
Microsoft Visual Studio Solution File, Format Version 12.00
# Visual Studio Version 17
VisualStudioVersion = 17.2.32526.322
MinimumVisualStudioVersion = 10.0.40219.1
Project("{2150E333-8FDC-42A3-9474-1A3956D46DE8}") = "Solution Items", "Solution Items", "{AC428F01-F358-43AD-A32E-A04CF48834F3}"
	ProjectSection(SolutionItems) = preProject
		build-reference-lambda.ps1 = build-reference-lambda.ps1
		Directory.Build.props = Directory.Build.props
		Directory.Packages.props = Directory.Packages.props
		Dockerfile-reference-lambda = Dockerfile-reference-lambda
		README.md = README.md
	EndProjectSection
EndProject
Project("{2150E333-8FDC-42A3-9474-1A3956D46DE8}") = "Reference", "Reference", "{2E096EB8-7464-42F8-B04C-617BF240F956}"
EndProject
Project("{2150E333-8FDC-42A3-9474-1A3956D46DE8}") = "Libraries", "Libraries", "{CB7C2181-2BFA-4105-9CAE-6520D08F9664}"
EndProject
Project("{9A19103F-16F7-4668-BE54-9A1E7A4F7556}") = "Milochau.Core.Aws.ReferenceProjects.Integration", "Reference\Milochau.Core.Aws.ReferenceProjects.Integration\Milochau.Core.Aws.ReferenceProjects.Integration.csproj", "{84CD0A0E-C569-430E-BF1A-D037E82202A5}"
EndProject
Project("{9A19103F-16F7-4668-BE54-9A1E7A4F7556}") = "Milochau.Core.Aws.ReferenceProjects.LambdaFunction", "Reference\Milochau.Core.Aws.ReferenceProjects.LambdaFunction\Milochau.Core.Aws.ReferenceProjects.LambdaFunction.csproj", "{CC24090B-FDEE-4F2B-A4BB-8B2D2C13CBD0}"
EndProject
Project("{9A19103F-16F7-4668-BE54-9A1E7A4F7556}") = "Milochau.Core.Aws.Abstractions", "Libraries\Milochau.Core.Aws.Abstractions\Milochau.Core.Aws.Abstractions.csproj", "{8AD3EF5C-1AFF-4D50-86B7-AC711A1DE7E9}"
EndProject
Project("{9A19103F-16F7-4668-BE54-9A1E7A4F7556}") = "Milochau.Core.Aws.ApiGateway", "Libraries\Milochau.Core.Aws.ApiGateway\Milochau.Core.Aws.ApiGateway.csproj", "{3444C713-A266-4C16-8628-03D9D9DAAC06}"
EndProject
Project("{9A19103F-16F7-4668-BE54-9A1E7A4F7556}") = "Milochau.Core.Aws.DynamoDB", "Libraries\Milochau.Core.Aws.DynamoDB\Milochau.Core.Aws.DynamoDB.csproj", "{270F4B69-786B-484E-A2BE-6C9130E9745F}"
EndProject
Project("{9A19103F-16F7-4668-BE54-9A1E7A4F7556}") = "Milochau.Core.Aws.Integration", "Libraries\Milochau.Core.Aws.Integration\Milochau.Core.Aws.Integration.csproj", "{455964C3-5BDE-40B1-9C88-6E118384C043}"
EndProject
Project("{2150E333-8FDC-42A3-9474-1A3956D46DE8}") = "Tests", "Tests", "{21DD2CF3-EFB0-4867-BE50-FD873F3C0D27}"
EndProject
Project("{9A19103F-16F7-4668-BE54-9A1E7A4F7556}") = "Milochau.Core.Aws.ApiGateway.Tests", "Libraries\Milochau.Core.Aws.ApiGateway.Tests\Milochau.Core.Aws.ApiGateway.Tests.csproj", "{094C0534-23D7-4594-8F50-7660124FC718}"
EndProject
Project("{9A19103F-16F7-4668-BE54-9A1E7A4F7556}") = "Milochau.Core.Aws.Core", "Libraries\Milochau.Core.Aws.Core\Milochau.Core.Aws.Core.csproj", "{9A8F74FC-62EC-4E13-ADEE-D2F82421E71F}"
EndProject
Project("{9A19103F-16F7-4668-BE54-9A1E7A4F7556}") = "Milochau.Core.Aws.Lambda", "Libraries\Milochau.Core.Aws.Lambda\Milochau.Core.Aws.Lambda.csproj", "{2329DD57-0657-43C9-B411-052096BA23B4}"
EndProject
Project("{9A19103F-16F7-4668-BE54-9A1E7A4F7556}") = "Milochau.Core.Aws.SESv2", "Libraries\Milochau.Core.Aws.SESv2\Milochau.Core.Aws.SESv2.csproj", "{C9A1BC99-F5BF-450B-8058-7FCD87E5CF4B}"
EndProject
Project("{9A19103F-16F7-4668-BE54-9A1E7A4F7556}") = "Milochau.Core.Aws.Cognito", "Libraries\Milochau.Core.Aws.Cognito\Milochau.Core.Aws.Cognito.csproj", "{236BD429-80EB-450F-80FE-1F0219D0E26E}"
EndProject
Project("{9A19103F-16F7-4668-BE54-9A1E7A4F7556}") = "Milochau.Core.Aws.SNS", "Libraries\Milochau.Core.Aws.SNS\Milochau.Core.Aws.SNS.csproj", "{8F13ED95-7DF0-44A1-813C-4D3113DD1C20}"
EndProject
Project("{9A19103F-16F7-4668-BE54-9A1E7A4F7556}") = "Milochau.Core.Aws.DynamoDB.Abstractions", "Libraries\Milochau.Core.Aws.DynamoDB.Abstractions\Milochau.Core.Aws.DynamoDB.Abstractions.csproj", "{FF15F47A-341A-4AA6-ACC8-89256058F669}"
EndProject
Project("{9A19103F-16F7-4668-BE54-9A1E7A4F7556}") = "Milochau.Core.Aws.DynamoDB.Generator", "Libraries\Milochau.Core.Aws.DynamoDB.Generator\Milochau.Core.Aws.DynamoDB.Generator.csproj", "{C8749B51-5672-4944-89FB-D551E6F34CBF}"
EndProject
Project("{9A19103F-16F7-4668-BE54-9A1E7A4F7556}") = "Milochau.Core.Aws.DynamoDB.Tests", "Libraries\Milochau.Core.Aws.DynamoDB.Tests\Milochau.Core.Aws.DynamoDB.Tests.csproj", "{42FA1763-3278-4577-9BF0-A34FB323D365}"
EndProject
Global
	GlobalSection(SolutionConfigurationPlatforms) = preSolution
		Debug|Any CPU = Debug|Any CPU
		Release|Any CPU = Release|Any CPU
	EndGlobalSection
	GlobalSection(ProjectConfigurationPlatforms) = postSolution
		{84CD0A0E-C569-430E-BF1A-D037E82202A5}.Debug|Any CPU.ActiveCfg = Debug|Any CPU
		{84CD0A0E-C569-430E-BF1A-D037E82202A5}.Debug|Any CPU.Build.0 = Debug|Any CPU
		{84CD0A0E-C569-430E-BF1A-D037E82202A5}.Release|Any CPU.ActiveCfg = Release|Any CPU
		{84CD0A0E-C569-430E-BF1A-D037E82202A5}.Release|Any CPU.Build.0 = Release|Any CPU
		{CC24090B-FDEE-4F2B-A4BB-8B2D2C13CBD0}.Debug|Any CPU.ActiveCfg = Debug|Any CPU
		{CC24090B-FDEE-4F2B-A4BB-8B2D2C13CBD0}.Debug|Any CPU.Build.0 = Debug|Any CPU
		{CC24090B-FDEE-4F2B-A4BB-8B2D2C13CBD0}.Release|Any CPU.ActiveCfg = Release|Any CPU
		{CC24090B-FDEE-4F2B-A4BB-8B2D2C13CBD0}.Release|Any CPU.Build.0 = Release|Any CPU
		{8AD3EF5C-1AFF-4D50-86B7-AC711A1DE7E9}.Debug|Any CPU.ActiveCfg = Debug|Any CPU
		{8AD3EF5C-1AFF-4D50-86B7-AC711A1DE7E9}.Debug|Any CPU.Build.0 = Debug|Any CPU
		{8AD3EF5C-1AFF-4D50-86B7-AC711A1DE7E9}.Release|Any CPU.ActiveCfg = Release|Any CPU
		{8AD3EF5C-1AFF-4D50-86B7-AC711A1DE7E9}.Release|Any CPU.Build.0 = Release|Any CPU
		{3444C713-A266-4C16-8628-03D9D9DAAC06}.Debug|Any CPU.ActiveCfg = Debug|Any CPU
		{3444C713-A266-4C16-8628-03D9D9DAAC06}.Debug|Any CPU.Build.0 = Debug|Any CPU
		{3444C713-A266-4C16-8628-03D9D9DAAC06}.Release|Any CPU.ActiveCfg = Release|Any CPU
		{3444C713-A266-4C16-8628-03D9D9DAAC06}.Release|Any CPU.Build.0 = Release|Any CPU
		{270F4B69-786B-484E-A2BE-6C9130E9745F}.Debug|Any CPU.ActiveCfg = Debug|Any CPU
		{270F4B69-786B-484E-A2BE-6C9130E9745F}.Debug|Any CPU.Build.0 = Debug|Any CPU
		{270F4B69-786B-484E-A2BE-6C9130E9745F}.Release|Any CPU.ActiveCfg = Release|Any CPU
		{270F4B69-786B-484E-A2BE-6C9130E9745F}.Release|Any CPU.Build.0 = Release|Any CPU
		{455964C3-5BDE-40B1-9C88-6E118384C043}.Debug|Any CPU.ActiveCfg = Debug|Any CPU
		{455964C3-5BDE-40B1-9C88-6E118384C043}.Debug|Any CPU.Build.0 = Debug|Any CPU
		{455964C3-5BDE-40B1-9C88-6E118384C043}.Release|Any CPU.ActiveCfg = Release|Any CPU
		{455964C3-5BDE-40B1-9C88-6E118384C043}.Release|Any CPU.Build.0 = Release|Any CPU
		{094C0534-23D7-4594-8F50-7660124FC718}.Debug|Any CPU.ActiveCfg = Debug|Any CPU
		{094C0534-23D7-4594-8F50-7660124FC718}.Debug|Any CPU.Build.0 = Debug|Any CPU
		{094C0534-23D7-4594-8F50-7660124FC718}.Release|Any CPU.ActiveCfg = Release|Any CPU
		{094C0534-23D7-4594-8F50-7660124FC718}.Release|Any CPU.Build.0 = Release|Any CPU
		{9A8F74FC-62EC-4E13-ADEE-D2F82421E71F}.Debug|Any CPU.ActiveCfg = Debug|Any CPU
		{9A8F74FC-62EC-4E13-ADEE-D2F82421E71F}.Debug|Any CPU.Build.0 = Debug|Any CPU
		{9A8F74FC-62EC-4E13-ADEE-D2F82421E71F}.Release|Any CPU.ActiveCfg = Release|Any CPU
		{9A8F74FC-62EC-4E13-ADEE-D2F82421E71F}.Release|Any CPU.Build.0 = Release|Any CPU
		{2329DD57-0657-43C9-B411-052096BA23B4}.Debug|Any CPU.ActiveCfg = Debug|Any CPU
		{2329DD57-0657-43C9-B411-052096BA23B4}.Debug|Any CPU.Build.0 = Debug|Any CPU
		{2329DD57-0657-43C9-B411-052096BA23B4}.Release|Any CPU.ActiveCfg = Release|Any CPU
		{2329DD57-0657-43C9-B411-052096BA23B4}.Release|Any CPU.Build.0 = Release|Any CPU
		{C9A1BC99-F5BF-450B-8058-7FCD87E5CF4B}.Debug|Any CPU.ActiveCfg = Debug|Any CPU
		{C9A1BC99-F5BF-450B-8058-7FCD87E5CF4B}.Debug|Any CPU.Build.0 = Debug|Any CPU
		{C9A1BC99-F5BF-450B-8058-7FCD87E5CF4B}.Release|Any CPU.ActiveCfg = Release|Any CPU
		{C9A1BC99-F5BF-450B-8058-7FCD87E5CF4B}.Release|Any CPU.Build.0 = Release|Any CPU
		{236BD429-80EB-450F-80FE-1F0219D0E26E}.Debug|Any CPU.ActiveCfg = Debug|Any CPU
		{236BD429-80EB-450F-80FE-1F0219D0E26E}.Debug|Any CPU.Build.0 = Debug|Any CPU
		{236BD429-80EB-450F-80FE-1F0219D0E26E}.Release|Any CPU.ActiveCfg = Release|Any CPU
		{236BD429-80EB-450F-80FE-1F0219D0E26E}.Release|Any CPU.Build.0 = Release|Any CPU
		{8F13ED95-7DF0-44A1-813C-4D3113DD1C20}.Debug|Any CPU.ActiveCfg = Debug|Any CPU
		{8F13ED95-7DF0-44A1-813C-4D3113DD1C20}.Debug|Any CPU.Build.0 = Debug|Any CPU
		{8F13ED95-7DF0-44A1-813C-4D3113DD1C20}.Release|Any CPU.ActiveCfg = Release|Any CPU
		{8F13ED95-7DF0-44A1-813C-4D3113DD1C20}.Release|Any CPU.Build.0 = Release|Any CPU
		{FF15F47A-341A-4AA6-ACC8-89256058F669}.Debug|Any CPU.ActiveCfg = Debug|Any CPU
		{FF15F47A-341A-4AA6-ACC8-89256058F669}.Debug|Any CPU.Build.0 = Debug|Any CPU
		{FF15F47A-341A-4AA6-ACC8-89256058F669}.Release|Any CPU.ActiveCfg = Release|Any CPU
		{FF15F47A-341A-4AA6-ACC8-89256058F669}.Release|Any CPU.Build.0 = Release|Any CPU
		{C8749B51-5672-4944-89FB-D551E6F34CBF}.Debug|Any CPU.ActiveCfg = Debug|Any CPU
		{C8749B51-5672-4944-89FB-D551E6F34CBF}.Debug|Any CPU.Build.0 = Debug|Any CPU
		{C8749B51-5672-4944-89FB-D551E6F34CBF}.Release|Any CPU.ActiveCfg = Release|Any CPU
		{C8749B51-5672-4944-89FB-D551E6F34CBF}.Release|Any CPU.Build.0 = Release|Any CPU
		{42FA1763-3278-4577-9BF0-A34FB323D365}.Debug|Any CPU.ActiveCfg = Debug|Any CPU
		{42FA1763-3278-4577-9BF0-A34FB323D365}.Debug|Any CPU.Build.0 = Debug|Any CPU
		{42FA1763-3278-4577-9BF0-A34FB323D365}.Release|Any CPU.ActiveCfg = Release|Any CPU
		{42FA1763-3278-4577-9BF0-A34FB323D365}.Release|Any CPU.Build.0 = Release|Any CPU
	EndGlobalSection
	GlobalSection(SolutionProperties) = preSolution
		HideSolutionNode = FALSE
	EndGlobalSection
	GlobalSection(NestedProjects) = preSolution
		{84CD0A0E-C569-430E-BF1A-D037E82202A5} = {2E096EB8-7464-42F8-B04C-617BF240F956}
		{CC24090B-FDEE-4F2B-A4BB-8B2D2C13CBD0} = {2E096EB8-7464-42F8-B04C-617BF240F956}
		{8AD3EF5C-1AFF-4D50-86B7-AC711A1DE7E9} = {CB7C2181-2BFA-4105-9CAE-6520D08F9664}
		{3444C713-A266-4C16-8628-03D9D9DAAC06} = {CB7C2181-2BFA-4105-9CAE-6520D08F9664}
		{270F4B69-786B-484E-A2BE-6C9130E9745F} = {CB7C2181-2BFA-4105-9CAE-6520D08F9664}
		{455964C3-5BDE-40B1-9C88-6E118384C043} = {CB7C2181-2BFA-4105-9CAE-6520D08F9664}
		{21DD2CF3-EFB0-4867-BE50-FD873F3C0D27} = {CB7C2181-2BFA-4105-9CAE-6520D08F9664}
		{094C0534-23D7-4594-8F50-7660124FC718} = {21DD2CF3-EFB0-4867-BE50-FD873F3C0D27}
		{9A8F74FC-62EC-4E13-ADEE-D2F82421E71F} = {CB7C2181-2BFA-4105-9CAE-6520D08F9664}
		{2329DD57-0657-43C9-B411-052096BA23B4} = {CB7C2181-2BFA-4105-9CAE-6520D08F9664}
		{C9A1BC99-F5BF-450B-8058-7FCD87E5CF4B} = {CB7C2181-2BFA-4105-9CAE-6520D08F9664}
		{236BD429-80EB-450F-80FE-1F0219D0E26E} = {CB7C2181-2BFA-4105-9CAE-6520D08F9664}
		{8F13ED95-7DF0-44A1-813C-4D3113DD1C20} = {CB7C2181-2BFA-4105-9CAE-6520D08F9664}
		{FF15F47A-341A-4AA6-ACC8-89256058F669} = {CB7C2181-2BFA-4105-9CAE-6520D08F9664}
		{C8749B51-5672-4944-89FB-D551E6F34CBF} = {CB7C2181-2BFA-4105-9CAE-6520D08F9664}
		{42FA1763-3278-4577-9BF0-A34FB323D365} = {21DD2CF3-EFB0-4867-BE50-FD873F3C0D27}
	EndGlobalSection
	GlobalSection(ExtensibilityGlobals) = postSolution
		SolutionGuid = {CE0AA8A9-B4DC-4C33-A403-D3B1C55B24DA}
	EndGlobalSection
EndGlobal
