
Microsoft Visual Studio Solution File, Format Version 12.00
# Visual Studio Version 17
VisualStudioVersion = 17.2.32526.322
MinimumVisualStudioVersion = 10.0.40219.1
Project("{9A19103F-16F7-4668-BE54-9A1E7A4F7556}") = "Milochau.Core.Aws.Abstractions", "Libraries\Milochau.Core.Aws.Abstractions\Milochau.Core.Aws.Abstractions.csproj", "{E2A9770E-03C2-4072-9B18-7F04C1D3E687}"
EndProject
Project("{9A19103F-16F7-4668-BE54-9A1E7A4F7556}") = "Milochau.Core.Aws.ApiGateway", "Libraries\Milochau.Core.Aws.ApiGateway\Milochau.Core.Aws.ApiGateway.csproj", "{53787035-4E4E-4B75-A215-CA5E74B1E4D7}"
EndProject
Project("{9A19103F-16F7-4668-BE54-9A1E7A4F7556}") = "Milochau.Core.Aws.DynamoDB", "Libraries\Milochau.Core.Aws.DynamoDB\Milochau.Core.Aws.DynamoDB.csproj", "{483E33C5-586B-472F-A715-623F573FCBA0}"
EndProject
Project("{9A19103F-16F7-4668-BE54-9A1E7A4F7556}") = "Milochau.Core.Aws.Integration", "Libraries\Milochau.Core.Aws.Integration\Milochau.Core.Aws.Integration.csproj", "{82F05B54-4971-4565-9532-AD9C8189F8A2}"
EndProject
Project("{9A19103F-16F7-4668-BE54-9A1E7A4F7556}") = "Milochau.Core.Aws.Core", "Libraries\Milochau.Core.Aws.Core\Milochau.Core.Aws.Core.csproj", "{6CDD3F14-CEC0-4C91-A9D5-04C759C2E36C}"
EndProject
Project("{9A19103F-16F7-4668-BE54-9A1E7A4F7556}") = "Milochau.Core.Aws.Lambda", "Libraries\Milochau.Core.Aws.Lambda\Milochau.Core.Aws.Lambda.csproj", "{E21B5FD0-D15E-485E-957F-5C4AE9F15C19}"
EndProject
Project("{9A19103F-16F7-4668-BE54-9A1E7A4F7556}") = "Milochau.Core.Aws.SESv2", "Libraries\Milochau.Core.Aws.SESv2\Milochau.Core.Aws.SESv2.csproj", "{BAE2FC56-B410-494D-B020-6F3B025F19FD}"
EndProject
Global
	GlobalSection(SolutionConfigurationPlatforms) = preSolution
		Debug|Any CPU = Debug|Any CPU
		Release|Any CPU = Release|Any CPU
	EndGlobalSection
	GlobalSection(ProjectConfigurationPlatforms) = postSolution
		{E2A9770E-03C2-4072-9B18-7F04C1D3E687}.Debug|Any CPU.ActiveCfg = Debug|Any CPU
		{E2A9770E-03C2-4072-9B18-7F04C1D3E687}.Debug|Any CPU.Build.0 = Debug|Any CPU
		{E2A9770E-03C2-4072-9B18-7F04C1D3E687}.Release|Any CPU.ActiveCfg = Release|Any CPU
		{E2A9770E-03C2-4072-9B18-7F04C1D3E687}.Release|Any CPU.Build.0 = Release|Any CPU
		{53787035-4E4E-4B75-A215-CA5E74B1E4D7}.Debug|Any CPU.ActiveCfg = Debug|Any CPU
		{53787035-4E4E-4B75-A215-CA5E74B1E4D7}.Debug|Any CPU.Build.0 = Debug|Any CPU
		{53787035-4E4E-4B75-A215-CA5E74B1E4D7}.Release|Any CPU.ActiveCfg = Release|Any CPU
		{53787035-4E4E-4B75-A215-CA5E74B1E4D7}.Release|Any CPU.Build.0 = Release|Any CPU
		{483E33C5-586B-472F-A715-623F573FCBA0}.Debug|Any CPU.ActiveCfg = Debug|Any CPU
		{483E33C5-586B-472F-A715-623F573FCBA0}.Debug|Any CPU.Build.0 = Debug|Any CPU
		{483E33C5-586B-472F-A715-623F573FCBA0}.Release|Any CPU.ActiveCfg = Release|Any CPU
		{483E33C5-586B-472F-A715-623F573FCBA0}.Release|Any CPU.Build.0 = Release|Any CPU
		{82F05B54-4971-4565-9532-AD9C8189F8A2}.Debug|Any CPU.ActiveCfg = Debug|Any CPU
		{82F05B54-4971-4565-9532-AD9C8189F8A2}.Debug|Any CPU.Build.0 = Debug|Any CPU
		{82F05B54-4971-4565-9532-AD9C8189F8A2}.Release|Any CPU.ActiveCfg = Release|Any CPU
		{82F05B54-4971-4565-9532-AD9C8189F8A2}.Release|Any CPU.Build.0 = Release|Any CPU
		{6CDD3F14-CEC0-4C91-A9D5-04C759C2E36C}.Debug|Any CPU.ActiveCfg = Debug|Any CPU
		{6CDD3F14-CEC0-4C91-A9D5-04C759C2E36C}.Debug|Any CPU.Build.0 = Debug|Any CPU
		{6CDD3F14-CEC0-4C91-A9D5-04C759C2E36C}.Release|Any CPU.ActiveCfg = Release|Any CPU
		{6CDD3F14-CEC0-4C91-A9D5-04C759C2E36C}.Release|Any CPU.Build.0 = Release|Any CPU
		{E21B5FD0-D15E-485E-957F-5C4AE9F15C19}.Debug|Any CPU.ActiveCfg = Debug|Any CPU
		{E21B5FD0-D15E-485E-957F-5C4AE9F15C19}.Debug|Any CPU.Build.0 = Debug|Any CPU
		{E21B5FD0-D15E-485E-957F-5C4AE9F15C19}.Release|Any CPU.ActiveCfg = Release|Any CPU
		{E21B5FD0-D15E-485E-957F-5C4AE9F15C19}.Release|Any CPU.Build.0 = Release|Any CPU
		{BAE2FC56-B410-494D-B020-6F3B025F19FD}.Debug|Any CPU.ActiveCfg = Debug|Any CPU
		{BAE2FC56-B410-494D-B020-6F3B025F19FD}.Debug|Any CPU.Build.0 = Debug|Any CPU
		{BAE2FC56-B410-494D-B020-6F3B025F19FD}.Release|Any CPU.ActiveCfg = Release|Any CPU
		{BAE2FC56-B410-494D-B020-6F3B025F19FD}.Release|Any CPU.Build.0 = Release|Any CPU
	EndGlobalSection
	GlobalSection(SolutionProperties) = preSolution
		HideSolutionNode = FALSE
	EndGlobalSection
	GlobalSection(ExtensibilityGlobals) = postSolution
		SolutionGuid = {CE0AA8A9-B4DC-4C33-A403-D3B1C55B24DA}
	EndGlobalSection
EndGlobal
